PODS:
  - Alamofire (4.1.0)
  - Kingfisher (3.2.1)
  - LFLiveKit (2.5)
  - SwiftyJSON (3.1.1)

DEPENDENCIES:
  - Alamofire (~> 4.1.0)
  - Kingfisher (~> 3.2.1)
  - LFLiveKit (~> 2.5)
  - SwiftyJSON (~> 3.1.1)

SPEC CHECKSUMS:
  Alamofire: e266cf991b933498df791e645e0d8ac294492153
  Kingfisher: 64ef28c6d3d6f344e3ae2d7f5c9da80439505d99
  LFLiveKit: 4361bd588ae0c9244589119ccdb1c30d14686414
  SwiftyJSON: f0be2e604f83e8405a624e9f891898bf6ed4e019

PODFILE CHECKSUM: 937d3b11ad88caa8385fac52df2633708c31baf5

COCOAPODS: 1.2.0.beta.1
